<?xml version="1.0" encoding="utf-8"?>
<Project ToolsVersion="4.0" xmlns="http://schemas.microsoft.com/developer/msbuild/2003">
  <ItemGroup>
    <Filter Include="HAL">
      <UniqueIdentifier>{d25b18f7-fb9e-4211-bb88-ec55b6bac8b9}</UniqueIdentifier>
    </Filter>
    <Filter Include="libs">
      <UniqueIdentifier>{c7ab4f89-315c-45ec-b7e7-7982e74fc7ba}</UniqueIdentifier>
    </Filter>
    <Filter Include="Hardware">
      <UniqueIdentifier>{9980374c-31e6-4c21-b682-4c5854377c95}</UniqueIdentifier>
    </Filter>
    <Filter Include="src">
      <UniqueIdentifier>{efa04421-7f6e-46b5-8bd8-5635ac186fa1}</UniqueIdentifier>
    </Filter>
    <Filter Include="Generator">
      <UniqueIdentifier>{b8850203-7784-4fae-a9e0-cf34b4fb285c}</UniqueIdentifier>
    </Filter>
    <Filter Include="Interface">
      <UniqueIdentifier>{233f06b4-dbf8-4e99-96b1-30d53fe46589}</UniqueIdentifier>
    </Filter>
    <Filter Include="Common">
      <UniqueIdentifier>{9fb7c831-1827-4375-b31e-8be47d1389fb}</UniqueIdentifier>
    </Filter>
  </ItemGroup>
  <ItemGroup>
    <ClInclude Include="..\..\STM32Cube_FW_F4\Drivers\STM32F4xx_HAL_Driver\Inc\stm32f4xx_hal.h">
      <Filter>HAL</Filter>
    </ClInclude>
    <ClInclude Include="..\..\STM32Cube_FW_F4\Drivers\STM32F4xx_HAL_Driver\Inc\stm32f4xx_hal_cortex.h">
      <Filter>HAL</Filter>
    </ClInclude>
    <ClInclude Include="..\..\STM32Cube_FW_F4\Drivers\STM32F4xx_HAL_Driver\Inc\stm32f4xx_hal_dma.h">
      <Filter>HAL</Filter>
    </ClInclude>
    <ClInclude Include="..\..\STM32Cube_FW_F4\Drivers\STM32F4xx_HAL_Driver\Inc\stm32f4xx_hal_gpio.h">
      <Filter>HAL</Filter>
    </ClInclude>
    <ClInclude Include="..\..\STM32Cube_FW_F4\Drivers\STM32F4xx_HAL_Driver\Inc\stm32f4xx_hal_rcc.h">
      <Filter>HAL</Filter>
    </ClInclude>
    <ClInclude Include="..\..\STM32Cube_FW_F4\Drivers\STM32F4xx_HAL_Driver\Inc\stm32f4xx_hal_spi.h">
      <Filter>HAL</Filter>
    </ClInclude>
    <ClInclude Include="..\..\Generator\src\libs\stm32f4xx_hal_conf.h">
      <Filter>libs</Filter>
    </ClInclude>
    <ClInclude Include="..\..\Generator\src\libs\stm32f4xx_it.h">
      <Filter>libs</Filter>
    </ClInclude>
    <ClInclude Include="..\..\Generator\src\Hardware\Hardware.h">
      <Filter>Hardware</Filter>
    </ClInclude>
    <ClInclude Include="..\..\Generator\src\defines.h">
      <Filter>src</Filter>
    </ClInclude>
    <ClInclude Include="..\..\Generator\src\Generator\Generator.h">
      <Filter>Generator</Filter>
    </ClInclude>
    <ClInclude Include="..\..\Generator\src\Generator\GeneratroSettings.h">
      <Filter>Generator</Filter>
    </ClInclude>
    <ClInclude Include="..\..\Generator\src\Generator\GeneratorSettingsTypes.h">
      <Filter>Generator</Filter>
    </ClInclude>
    <ClInclude Include="..\..\Generator\src\Generator\AD9952.h">
      <Filter>Generator</Filter>
    </ClInclude>
    <ClInclude Include="..\..\Generator\src\Generator\Common.h">
      <Filter>Generator</Filter>
    </ClInclude>
    <ClInclude Include="..\..\Generator\src\Interface\Interface.h">
      <Filter>Interface</Filter>
    </ClInclude>
    <ClInclude Include="..\..\Generator\src\Generator\FPGA.h">
      <Filter>Generator</Filter>
    </ClInclude>
    <ClInclude Include="..\..\STM32Cube_FW_F4\Drivers\STM32F4xx_HAL_Driver\Inc\stm32f4xx_hal_nor.h">
      <Filter>HAL</Filter>
    </ClInclude>
    <ClInclude Include="..\..\STM32Cube_FW_F4\Drivers\STM32F4xx_HAL_Driver\Inc\stm32f4xx_ll_fsmc.h">
      <Filter>HAL</Filter>
    </ClInclude>
    <ClInclude Include="..\..\Common\Command.h">
      <Filter>Common</Filter>
    </ClInclude>
    <ClInclude Include="..\..\Generator\src\Generator\AD5697.h">
      <Filter>Generator</Filter>
    </ClInclude>
    <ClInclude Include="..\..\STM32Cube_FW_F4\Drivers\STM32F4xx_HAL_Driver\Inc\stm32f4xx_hal_i2c.h">
      <Filter>HAL</Filter>
    </ClInclude>
    <ClInclude Include="..\..\Generator\src\Hardware\Timer.h">
      <Filter>Hardware</Filter>
    </ClInclude>
  </ItemGroup>
  <ItemGroup>
    <ClCompile Include="..\..\STM32Cube_FW_F4\Drivers\STM32F4xx_HAL_Driver\Src\stm32f4xx_hal.c">
      <Filter>HAL</Filter>
    </ClCompile>
    <ClCompile Include="..\..\STM32Cube_FW_F4\Drivers\STM32F4xx_HAL_Driver\Src\stm32f4xx_hal_cortex.c">
      <Filter>HAL</Filter>
    </ClCompile>
    <ClCompile Include="..\..\STM32Cube_FW_F4\Drivers\STM32F4xx_HAL_Driver\Src\stm32f4xx_hal_dma.c">
      <Filter>HAL</Filter>
    </ClCompile>
    <ClCompile Include="..\..\STM32Cube_FW_F4\Drivers\STM32F4xx_HAL_Driver\Src\stm32f4xx_hal_gpio.c">
      <Filter>HAL</Filter>
    </ClCompile>
    <ClCompile Include="..\..\STM32Cube_FW_F4\Drivers\STM32F4xx_HAL_Driver\Src\stm32f4xx_hal_rcc.c">
      <Filter>HAL</Filter>
    </ClCompile>
    <ClCompile Include="..\..\STM32Cube_FW_F4\Drivers\STM32F4xx_HAL_Driver\Src\stm32f4xx_hal_spi.c">
      <Filter>HAL</Filter>
    </ClCompile>
    <ClCompile Include="..\..\Generator\src\libs\stm32f4xx_hal_msp.c">
      <Filter>libs</Filter>
    </ClCompile>
    <ClCompile Include="..\..\Generator\src\libs\stm32f4xx_it.c">
      <Filter>libs</Filter>
    </ClCompile>
    <ClCompile Include="..\..\Generator\src\libs\system_stm32f4xx.c">
      <Filter>libs</Filter>
    </ClCompile>
    <ClCompile Include="..\..\STM32Cube_FW_F4\Drivers\STM32F4xx_HAL_Driver\Src\stm32f4xx_hal_nor.c">
      <Filter>HAL</Filter>
    </ClCompile>
    <ClCompile Include="..\..\STM32Cube_FW_F4\Drivers\STM32F4xx_HAL_Driver\Src\stm32f4xx_ll_fsmc.c">
      <Filter>HAL</Filter>
    </ClCompile>
    <ClCompile Include="..\..\STM32Cube_FW_F4\Drivers\STM32F4xx_HAL_Driver\Src\stm32f4xx_hal_i2c.c">
      <Filter>HAL</Filter>
    </ClCompile>
    <ClCompile Include="..\..\Generator\src\Generator\Generator.cpp">
      <Filter>Generator</Filter>
    </ClCompile>
    <ClCompile Include="..\..\Generator\src\Generator\AD9952.cpp">
      <Filter>Generator</Filter>
    </ClCompile>
    <ClCompile Include="..\..\Generator\src\Generator\AD5697.cpp">
      <Filter>Generator</Filter>
    </ClCompile>
    <ClCompile Include="..\..\Generator\src\main.cpp">
      <Filter>src</Filter>
    </ClCompile>
    <ClCompile Include="..\..\Generator\src\Interface\Interface.cpp">
      <Filter>Interface</Filter>
    </ClCompile>
    <ClCompile Include="..\..\Generator\src\Hardware\Hardware.cpp">
      <Filter>Hardware</Filter>
    </ClCompile>
    <ClCompile Include="..\..\Generator\src\Hardware\Timer.cpp">
      <Filter>Hardware</Filter>
    </ClCompile>
    <ClCompile Include="..\..\Generator\src\Generator\Common.cpp">
      <Filter>Generator</Filter>
    </ClCompile>
    <ClCompile Include="..\..\Generator\src\Generator\FPGA.cpp">
      <Filter>Generator</Filter>
    </ClCompile>
    <ClCompile Include="..\..\Generator\src\Generator\GeneratorSettings.cpp">
      <Filter>Generator</Filter>
    </ClCompile>
    <ClCompile Include="..\..\Common\Command.cpp">
      <Filter>Common</Filter>
    </ClCompile>
  </ItemGroup>
  <ItemGroup>
    <None Include="..\..\Generator\src\libs\startup_stm32f407xx.s">
      <Filter>libs</Filter>
    </None>
  </ItemGroup>
</Project>