
Microsoft Visual Studio Solution File, Format Version 12.00
# Visual Studio 15
VisualStudioVersion = 15.0.26730.3
MinimumVisualStudioVersion = 10.0.40219.1
Project("{8BC9CEB8-8B4A-11D0-8D11-00A0C91BC942}") = "Panel", "DDS-VS\Panel\Panel.vcxproj", "{A472E9D7-D9E7-4074-80D4-56D2BCF5DE65}"
EndProject
Project("{2150E333-8FDC-42A3-9474-1A3956D46DE8}") = "doc", "doc", "{AF211104-7844-40E3-98A9-B0218BA28966}"
	ProjectSection(SolutionItems) = preProject
		doc\01 Алгоритмы.h = doc\01 Алгоритмы.h
		doc\02 Межпроцессорное взаимодействие.h = doc\02 Межпроцессорное взаимодействие.h
		doc\03 Аппаратные сигналы генератора.h = doc\03 Аппаратные сигналы генератора.h
		doc\04 Загрузчик.h = doc\04 Загрузчик.h
		doc\05 Структура меню.h = doc\05 Структура меню.h
		doc\06 Сигналы и их параметры.h = doc\06 Сигналы и их параметры.h
		doc\07 Компиляция и сборка.h = doc\07 Компиляция и сборка.h
		doc\08 Калибровка.h = doc\08 Калибровка.h
	EndProjectSection
EndProject
Project("{8BC9CEB8-8B4A-11D0-8D11-00A0C91BC942}") = "Device", "DDS-VS\Device\Device.vcxproj", "{F437C9BF-D778-490F-B6DB-313FBC24C15D}"
EndProject
Global
	GlobalSection(SolutionConfigurationPlatforms) = preSolution
		Debug|x86 = Debug|x86
		Release|x86 = Release|x86
	EndGlobalSection
	GlobalSection(ProjectConfigurationPlatforms) = postSolution
		{A472E9D7-D9E7-4074-80D4-56D2BCF5DE65}.Debug|x86.ActiveCfg = Debug|Win32
		{A472E9D7-D9E7-4074-80D4-56D2BCF5DE65}.Debug|x86.Build.0 = Debug|Win32
		{A472E9D7-D9E7-4074-80D4-56D2BCF5DE65}.Release|x86.ActiveCfg = Release|Win32
		{A472E9D7-D9E7-4074-80D4-56D2BCF5DE65}.Release|x86.Build.0 = Release|Win32
		{F437C9BF-D778-490F-B6DB-313FBC24C15D}.Debug|x86.ActiveCfg = Debug|Win32
		{F437C9BF-D778-490F-B6DB-313FBC24C15D}.Debug|x86.Build.0 = Debug|Win32
		{F437C9BF-D778-490F-B6DB-313FBC24C15D}.Release|x86.ActiveCfg = Release|Win32
		{F437C9BF-D778-490F-B6DB-313FBC24C15D}.Release|x86.Build.0 = Release|Win32
	EndGlobalSection
	GlobalSection(SolutionProperties) = preSolution
		HideSolutionNode = FALSE
	EndGlobalSection
	GlobalSection(ExtensibilityGlobals) = postSolution
		SolutionGuid = {2FEB0D09-C142-4C4D-9B7B-5E35C5D0E087}
	EndGlobalSection
EndGlobal
