<?xml version="1.0" encoding="utf-8"?>
<Project ToolsVersion="4.0" xmlns="http://schemas.microsoft.com/developer/msbuild/2003">
  <ItemGroup>
    <Filter Include="HAL">
      <UniqueIdentifier>{08b0c125-9162-4ad7-ad4e-a3f13afa9481}</UniqueIdentifier>
    </Filter>
    <Filter Include="Display">
      <UniqueIdentifier>{4201a8fb-8297-4f49-9322-40b8d3de1d91}</UniqueIdentifier>
    </Filter>
    <Filter Include="Keyboard">
      <UniqueIdentifier>{5fe703b1-d458-4c6f-a0e6-a77cd316817a}</UniqueIdentifier>
    </Filter>
    <Filter Include="libs">
      <UniqueIdentifier>{a4928849-fe5d-48ed-a5bf-317c2f6cfa34}</UniqueIdentifier>
    </Filter>
    <Filter Include="Menu">
      <UniqueIdentifier>{e416a234-63fa-4376-8ba5-f17d155acb0e}</UniqueIdentifier>
    </Filter>
    <Filter Include="Hardware">
      <UniqueIdentifier>{a5e5d31d-9cac-41b8-ba47-f7db3a1331bb}</UniqueIdentifier>
    </Filter>
    <Filter Include="dox">
      <UniqueIdentifier>{2690e07f-3dde-4194-baae-01189395676f}</UniqueIdentifier>
    </Filter>
    <Filter Include="Settings">
      <UniqueIdentifier>{81d53e5e-f501-43d8-ab9c-d78f0d294ba7}</UniqueIdentifier>
    </Filter>
    <Filter Include="Display\font">
      <UniqueIdentifier>{255c5d44-7148-42c2-bd4d-c6717ab7f6f2}</UniqueIdentifier>
    </Filter>
    <Filter Include="Utils">
      <UniqueIdentifier>{5a297795-d476-4362-b3d2-7fac99080f5d}</UniqueIdentifier>
    </Filter>
    <Filter Include="Menu\Pages">
      <UniqueIdentifier>{bd005fc4-1609-4d23-907d-1fef4c50e508}</UniqueIdentifier>
    </Filter>
    <Filter Include="Common">
      <UniqueIdentifier>{3d9bfc4d-8e9c-4db0-bc72-6b565edf6c6d}</UniqueIdentifier>
    </Filter>
    <Filter Include="src">
      <UniqueIdentifier>{145effa6-1dfd-4227-aa65-7c77fe10de74}</UniqueIdentifier>
    </Filter>
    <Filter Include="Generator">
      <UniqueIdentifier>{d815a53e-22cf-4a7a-b506-a73b3f524f9c}</UniqueIdentifier>
    </Filter>
    <Filter Include="_VS">
      <UniqueIdentifier>{d596f1ab-baa2-433f-aa52-34464044555f}</UniqueIdentifier>
    </Filter>
  </ItemGroup>
  <ItemGroup>
    <ClCompile Include="..\..\Panel\src\libs\system_stm32f4xx.c">
      <Filter>libs</Filter>
    </ClCompile>
    <ClCompile Include="..\..\Panel\src\Hardware\FLASH.cpp">
      <Filter>Hardware</Filter>
    </ClCompile>
    <ClCompile Include="..\..\Panel\src\Hardware\FSMC.cpp">
      <Filter>Hardware</Filter>
    </ClCompile>
    <ClCompile Include="..\..\Panel\src\Hardware\Hardware.cpp">
      <Filter>Hardware</Filter>
    </ClCompile>
    <ClCompile Include="..\..\Panel\src\Hardware\Timer.cpp">
      <Filter>Hardware</Filter>
    </ClCompile>
    <ClCompile Include="..\..\Panel\src\Generator\Generator.cpp">
      <Filter>Generator</Filter>
    </ClCompile>
    <ClCompile Include="..\..\Panel\src\Display\Colors.cpp">
      <Filter>Display</Filter>
    </ClCompile>
    <ClCompile Include="..\..\Panel\src\Display\Display.cpp">
      <Filter>Display</Filter>
    </ClCompile>
    <ClCompile Include="..\..\Panel\src\Display\InputWindow.cpp">
      <Filter>Display</Filter>
    </ClCompile>
    <ClCompile Include="..\..\Panel\src\Display\InputWindowStruct.cpp">
      <Filter>Display</Filter>
    </ClCompile>
    <ClCompile Include="..\..\Panel\src\Display\Painter.cpp">
      <Filter>Display</Filter>
    </ClCompile>
    <ClCompile Include="..\..\Common\Command.cpp">
      <Filter>Common</Filter>
    </ClCompile>
    <ClCompile Include="..\..\Panel\src\Display\Font\Font.cpp">
      <Filter>Display\font</Filter>
    </ClCompile>
    <ClCompile Include="..\..\libs\STM32Cube_F4\Drivers\STM32F4xx_HAL_Driver\Src\stm32f4xx_hal.c">
      <Filter>HAL</Filter>
    </ClCompile>
    <ClCompile Include="..\..\libs\STM32Cube_F4\Drivers\STM32F4xx_HAL_Driver\Src\stm32f4xx_hal_cortex.c">
      <Filter>HAL</Filter>
    </ClCompile>
    <ClCompile Include="..\..\libs\STM32Cube_F4\Drivers\STM32F4xx_HAL_Driver\Src\stm32f4xx_hal_dma.c">
      <Filter>HAL</Filter>
    </ClCompile>
    <ClCompile Include="..\..\libs\STM32Cube_F4\Drivers\STM32F4xx_HAL_Driver\Src\stm32f4xx_hal_dma2d.c">
      <Filter>HAL</Filter>
    </ClCompile>
    <ClCompile Include="..\..\libs\STM32Cube_F4\Drivers\STM32F4xx_HAL_Driver\Src\stm32f4xx_hal_flash.c">
      <Filter>HAL</Filter>
    </ClCompile>
    <ClCompile Include="..\..\libs\STM32Cube_F4\Drivers\STM32F4xx_HAL_Driver\Src\stm32f4xx_hal_flash_ex.c">
      <Filter>HAL</Filter>
    </ClCompile>
    <ClCompile Include="..\..\libs\STM32Cube_F4\Drivers\STM32F4xx_HAL_Driver\Src\stm32f4xx_hal_gpio.c">
      <Filter>HAL</Filter>
    </ClCompile>
    <ClCompile Include="..\..\libs\STM32Cube_F4\Drivers\STM32F4xx_HAL_Driver\Src\stm32f4xx_hal_ltdc.c">
      <Filter>HAL</Filter>
    </ClCompile>
    <ClCompile Include="..\..\libs\STM32Cube_F4\Drivers\STM32F4xx_HAL_Driver\Src\stm32f4xx_hal_pwr.c">
      <Filter>HAL</Filter>
    </ClCompile>
    <ClCompile Include="..\..\libs\STM32Cube_F4\Drivers\STM32F4xx_HAL_Driver\Src\stm32f4xx_hal_pwr_ex.c">
      <Filter>HAL</Filter>
    </ClCompile>
    <ClCompile Include="..\..\libs\STM32Cube_F4\Drivers\STM32F4xx_HAL_Driver\Src\stm32f4xx_hal_rcc.c">
      <Filter>HAL</Filter>
    </ClCompile>
    <ClCompile Include="..\..\libs\STM32Cube_F4\Drivers\STM32F4xx_HAL_Driver\Src\stm32f4xx_hal_rcc_ex.c">
      <Filter>HAL</Filter>
    </ClCompile>
    <ClCompile Include="..\..\libs\STM32Cube_F4\Drivers\STM32F4xx_HAL_Driver\Src\stm32f4xx_hal_rtc.c">
      <Filter>HAL</Filter>
    </ClCompile>
    <ClCompile Include="..\..\libs\STM32Cube_F4\Drivers\STM32F4xx_HAL_Driver\Src\stm32f4xx_hal_rtc_ex.c">
      <Filter>HAL</Filter>
    </ClCompile>
    <ClCompile Include="..\..\libs\STM32Cube_F4\Drivers\STM32F4xx_HAL_Driver\Src\stm32f4xx_hal_spi.c">
      <Filter>HAL</Filter>
    </ClCompile>
    <ClCompile Include="..\..\libs\STM32Cube_F4\Drivers\STM32F4xx_HAL_Driver\Src\stm32f4xx_hal_sram.c">
      <Filter>HAL</Filter>
    </ClCompile>
    <ClCompile Include="..\..\libs\STM32Cube_F4\Drivers\STM32F4xx_HAL_Driver\Src\stm32f4xx_hal_tim.c">
      <Filter>HAL</Filter>
    </ClCompile>
    <ClCompile Include="..\..\libs\STM32Cube_F4\Drivers\STM32F4xx_HAL_Driver\Src\stm32f4xx_hal_tim_ex.c">
      <Filter>HAL</Filter>
    </ClCompile>
    <ClCompile Include="..\..\libs\STM32Cube_F4\Drivers\STM32F4xx_HAL_Driver\Src\stm32f4xx_ll_fmc.c">
      <Filter>HAL</Filter>
    </ClCompile>
    <ClCompile Include="..\..\Panel\src\Keyboard\Keyboard.cpp">
      <Filter>Keyboard</Filter>
    </ClCompile>
    <ClCompile Include="..\..\Panel\src\libs\stm32f4xx_hal_msp.cpp">
      <Filter>libs</Filter>
    </ClCompile>
    <ClCompile Include="..\..\Panel\src\libs\stm32f4xx_it.cpp">
      <Filter>libs</Filter>
    </ClCompile>
    <ClCompile Include="..\..\Panel\src\Menu\Menu.cpp">
      <Filter>Menu</Filter>
    </ClCompile>
    <ClCompile Include="..\..\Panel\src\Menu\MenuDrawing.cpp">
      <Filter>Menu</Filter>
    </ClCompile>
    <ClCompile Include="..\..\Panel\src\Menu\MenuItems.cpp">
      <Filter>Menu</Filter>
    </ClCompile>
    <ClCompile Include="..\..\Panel\src\Menu\MenuItemsDrawing.cpp">
      <Filter>Menu</Filter>
    </ClCompile>
    <ClCompile Include="..\..\Panel\src\Menu\MenuItemsLogic.cpp">
      <Filter>Menu</Filter>
    </ClCompile>
    <ClCompile Include="..\..\Panel\src\Settings\Settings.cpp">
      <Filter>Settings</Filter>
    </ClCompile>
    <ClCompile Include="..\..\Panel\src\globals.cpp">
      <Filter>src</Filter>
    </ClCompile>
    <ClCompile Include="..\..\Panel\src\Log.cpp">
      <Filter>src</Filter>
    </ClCompile>
    <ClCompile Include="..\..\Panel\src\main.cpp">
      <Filter>src</Filter>
    </ClCompile>
    <ClCompile Include="..\..\Panel\src\Utils\Math.cpp">
      <Filter>Utils</Filter>
    </ClCompile>
    <ClCompile Include="..\..\libs\common\stm32\429\stm429.cpp">
      <Filter>Hardware</Filter>
    </ClCompile>
  </ItemGroup>
  <ItemGroup>
    <ClInclude Include="..\..\Panel\src\libs\stm32f4xx_it.h">
      <Filter>libs</Filter>
    </ClInclude>
    <ClInclude Include="..\..\Panel\src\Menu\Menu.h">
      <Filter>Menu</Filter>
    </ClInclude>
    <ClInclude Include="..\..\Panel\src\Hardware\Hardware.h">
      <Filter>Hardware</Filter>
    </ClInclude>
    <ClInclude Include="..\..\Panel\src\dox\RelatedPages.h">
      <Filter>dox</Filter>
    </ClInclude>
    <ClInclude Include="..\..\Panel\src\libs\stm32f4xx_hal_conf.h">
      <Filter>libs</Filter>
    </ClInclude>
    <ClInclude Include="..\..\Panel\src\Settings\SettingsTypes.h">
      <Filter>Settings</Filter>
    </ClInclude>
    <ClInclude Include="..\..\Panel\src\Settings\Settings.h">
      <Filter>Settings</Filter>
    </ClInclude>
    <ClInclude Include="..\..\Panel\src\Display\font\Font.h">
      <Filter>Display\font</Filter>
    </ClInclude>
    <ClInclude Include="..\..\Panel\src\Hardware\Timer.h">
      <Filter>Hardware</Filter>
    </ClInclude>
    <ClInclude Include="..\..\Panel\src\Hardware\FSMC.h">
      <Filter>Hardware</Filter>
    </ClInclude>
    <ClInclude Include="..\..\Panel\src\Menu\MenuItems.h">
      <Filter>Menu</Filter>
    </ClInclude>
    <ClInclude Include="..\..\Panel\src\Menu\Pages\PageSignals.h">
      <Filter>Menu\Pages</Filter>
    </ClInclude>
    <ClInclude Include="..\..\Panel\src\Menu\MenuItemsDrawing.h">
      <Filter>Menu</Filter>
    </ClInclude>
    <ClInclude Include="..\..\Panel\src\Menu\Pages\PageService.h">
      <Filter>Menu\Pages</Filter>
    </ClInclude>
    <ClInclude Include="..\..\Panel\src\Menu\Pages\PageDebug.h">
      <Filter>Menu\Pages</Filter>
    </ClInclude>
    <ClInclude Include="..\..\Panel\src\Menu\MenuItemsLogic.h">
      <Filter>Menu</Filter>
    </ClInclude>
    <ClInclude Include="..\..\Panel\src\Menu\Pages\AddPageInput.h">
      <Filter>Menu\Pages</Filter>
    </ClInclude>
    <ClInclude Include="..\..\Panel\src\Settings\SettingsSignals.h">
      <Filter>Settings</Filter>
    </ClInclude>
    <ClInclude Include="..\..\Common\Command.h">
      <Filter>Common</Filter>
    </ClInclude>
    <ClInclude Include="..\..\Panel\src\Hardware\FLASH.h">
      <Filter>Hardware</Filter>
    </ClInclude>
    <ClInclude Include="..\..\Panel\src\dox\02 Межпроцессорное взаимодействие.h">
      <Filter>dox</Filter>
    </ClInclude>
    <ClInclude Include="..\..\Panel\src\dox\03 Аппаратные сигналы генератора.h">
      <Filter>dox</Filter>
    </ClInclude>
    <ClInclude Include="..\..\Panel\src\Generator\Generator.h">
      <Filter>Generator</Filter>
    </ClInclude>
    <ClInclude Include="..\..\Panel\src\Menu\Pages\PageSignals2.h">
      <Filter>Menu\Pages</Filter>
    </ClInclude>
    <ClInclude Include="..\..\Panel\src\Display\Colors.h">
      <Filter>Display</Filter>
    </ClInclude>
    <ClInclude Include="..\..\Panel\src\Display\Display.h">
      <Filter>Display</Filter>
    </ClInclude>
    <ClInclude Include="..\..\Panel\src\Display\DisplayTypes.h">
      <Filter>Display</Filter>
    </ClInclude>
    <ClInclude Include="..\..\Panel\src\Display\InputWindow.h">
      <Filter>Display</Filter>
    </ClInclude>
    <ClInclude Include="..\..\Panel\src\Display\InputWindowStruct.h">
      <Filter>Display</Filter>
    </ClInclude>
    <ClInclude Include="..\..\Panel\src\Display\Painter.h">
      <Filter>Display</Filter>
    </ClInclude>
    <ClInclude Include="..\..\Panel\src\Display\Symbols.h">
      <Filter>Display</Filter>
    </ClInclude>
    <ClInclude Include="..\..\libs\STM32Cube_F4\Drivers\STM32F4xx_HAL_Driver\Inc\stm32f4xx_ll_fmc.h">
      <Filter>HAL</Filter>
    </ClInclude>
    <ClInclude Include="..\..\libs\STM32Cube_F4\Drivers\STM32F4xx_HAL_Driver\Inc\stm32f4xx_hal.h">
      <Filter>HAL</Filter>
    </ClInclude>
    <ClInclude Include="..\..\libs\STM32Cube_F4\Drivers\STM32F4xx_HAL_Driver\Inc\stm32f4xx_hal_cortex.h">
      <Filter>HAL</Filter>
    </ClInclude>
    <ClInclude Include="..\..\libs\STM32Cube_F4\Drivers\STM32F4xx_HAL_Driver\Inc\stm32f4xx_hal_dma.h">
      <Filter>HAL</Filter>
    </ClInclude>
    <ClInclude Include="..\..\libs\STM32Cube_F4\Drivers\STM32F4xx_HAL_Driver\Inc\stm32f4xx_hal_dma2d.h">
      <Filter>HAL</Filter>
    </ClInclude>
    <ClInclude Include="..\..\libs\STM32Cube_F4\Drivers\STM32F4xx_HAL_Driver\Inc\stm32f4xx_hal_flash.h">
      <Filter>HAL</Filter>
    </ClInclude>
    <ClInclude Include="..\..\libs\STM32Cube_F4\Drivers\STM32F4xx_HAL_Driver\Inc\stm32f4xx_hal_flash_ex.h">
      <Filter>HAL</Filter>
    </ClInclude>
    <ClInclude Include="..\..\libs\STM32Cube_F4\Drivers\STM32F4xx_HAL_Driver\Inc\stm32f4xx_hal_gpio.h">
      <Filter>HAL</Filter>
    </ClInclude>
    <ClInclude Include="..\..\libs\STM32Cube_F4\Drivers\STM32F4xx_HAL_Driver\Inc\stm32f4xx_hal_ltdc.h">
      <Filter>HAL</Filter>
    </ClInclude>
    <ClInclude Include="..\..\libs\STM32Cube_F4\Drivers\STM32F4xx_HAL_Driver\Inc\stm32f4xx_hal_pwr.h">
      <Filter>HAL</Filter>
    </ClInclude>
    <ClInclude Include="..\..\libs\STM32Cube_F4\Drivers\STM32F4xx_HAL_Driver\Inc\stm32f4xx_hal_pwr_ex.h">
      <Filter>HAL</Filter>
    </ClInclude>
    <ClInclude Include="..\..\libs\STM32Cube_F4\Drivers\STM32F4xx_HAL_Driver\Inc\stm32f4xx_hal_rcc.h">
      <Filter>HAL</Filter>
    </ClInclude>
    <ClInclude Include="..\..\libs\STM32Cube_F4\Drivers\STM32F4xx_HAL_Driver\Inc\stm32f4xx_hal_rcc_ex.h">
      <Filter>HAL</Filter>
    </ClInclude>
    <ClInclude Include="..\..\libs\STM32Cube_F4\Drivers\STM32F4xx_HAL_Driver\Inc\stm32f4xx_hal_rtc.h">
      <Filter>HAL</Filter>
    </ClInclude>
    <ClInclude Include="..\..\libs\STM32Cube_F4\Drivers\STM32F4xx_HAL_Driver\Inc\stm32f4xx_hal_rtc_ex.h">
      <Filter>HAL</Filter>
    </ClInclude>
    <ClInclude Include="..\..\libs\STM32Cube_F4\Drivers\STM32F4xx_HAL_Driver\Inc\stm32f4xx_hal_spi.h">
      <Filter>HAL</Filter>
    </ClInclude>
    <ClInclude Include="..\..\libs\STM32Cube_F4\Drivers\STM32F4xx_HAL_Driver\Inc\stm32f4xx_hal_sram.h">
      <Filter>HAL</Filter>
    </ClInclude>
    <ClInclude Include="..\..\libs\STM32Cube_F4\Drivers\STM32F4xx_HAL_Driver\Inc\stm32f4xx_hal_tim.h">
      <Filter>HAL</Filter>
    </ClInclude>
    <ClInclude Include="..\..\libs\STM32Cube_F4\Drivers\STM32F4xx_HAL_Driver\Inc\stm32f4xx_hal_tim_ex.h">
      <Filter>HAL</Filter>
    </ClInclude>
    <ClInclude Include="..\..\Panel\src\Keyboard\Controls.h">
      <Filter>Keyboard</Filter>
    </ClInclude>
    <ClInclude Include="..\..\Panel\src\Keyboard\Keyboard.h">
      <Filter>Keyboard</Filter>
    </ClInclude>
    <ClInclude Include="..\..\Panel\src\defines.h">
      <Filter>src</Filter>
    </ClInclude>
    <ClInclude Include="..\..\Panel\src\globals.h">
      <Filter>src</Filter>
    </ClInclude>
    <ClInclude Include="..\..\Panel\src\Log.h">
      <Filter>src</Filter>
    </ClInclude>
    <ClInclude Include="..\..\Panel\src\Utils\Math.h">
      <Filter>Utils</Filter>
    </ClInclude>
    <ClInclude Include="..\..\..\..\_common_\_VS\core_cm4.h">
      <Filter>_VS</Filter>
    </ClInclude>
    <ClInclude Include="..\..\..\..\_common_\_VS\ctype.h">
      <Filter>_VS</Filter>
    </ClInclude>
    <ClInclude Include="..\..\..\..\_common_\_VS\integer.h">
      <Filter>_VS</Filter>
    </ClInclude>
    <ClInclude Include="..\..\..\..\_common_\_VS\inttypes.h">
      <Filter>_VS</Filter>
    </ClInclude>
    <ClInclude Include="..\..\..\..\_common_\_VS\limits.h">
      <Filter>_VS</Filter>
    </ClInclude>
    <ClInclude Include="..\..\..\..\_common_\_VS\math.h">
      <Filter>_VS</Filter>
    </ClInclude>
    <ClInclude Include="..\..\..\..\_common_\_VS\stdarg.h">
      <Filter>_VS</Filter>
    </ClInclude>
    <ClInclude Include="..\..\..\..\_common_\_VS\stdint.h">
      <Filter>_VS</Filter>
    </ClInclude>
    <ClInclude Include="..\..\..\..\_common_\_VS\stdio.h">
      <Filter>_VS</Filter>
    </ClInclude>
    <ClInclude Include="..\..\..\..\_common_\_VS\stdlib.h">
      <Filter>_VS</Filter>
    </ClInclude>
    <ClInclude Include="..\..\..\..\_common_\_VS\string.h">
      <Filter>_VS</Filter>
    </ClInclude>
    <ClInclude Include="..\..\..\..\_common_\_VS\tchar.h">
      <Filter>_VS</Filter>
    </ClInclude>
    <ClInclude Include="..\..\..\..\_common_\_VS\windows.h">
      <Filter>_VS</Filter>
    </ClInclude>
    <ClInclude Include="..\..\libs\common\stm32\429\stm429.h">
      <Filter>Hardware</Filter>
    </ClInclude>
  </ItemGroup>
  <ItemGroup>
    <None Include="..\..\Panel\src\libs\startup_stm32f429xx.s">
      <Filter>libs</Filter>
    </None>
    <None Include="..\..\Panel\src\Display\font\font5.inc">
      <Filter>Display\font</Filter>
    </None>
    <None Include="..\..\Panel\src\Display\font\font8.inc">
      <Filter>Display\font</Filter>
    </None>
    <None Include="..\..\Panel\src\Display\font\fontUGO.inc">
      <Filter>Display\font</Filter>
    </None>
    <None Include="..\..\Panel\src\Display\font\fontUGO2.inc">
      <Filter>Display\font</Filter>
    </None>
    <None Include="..\..\..\..\_common_\_VS\algorithm">
      <Filter>_VS</Filter>
    </None>
  </ItemGroup>
</Project>