<?xml version="1.0" encoding="utf-8"?>
<Project ToolsVersion="4.0" xmlns="http://schemas.microsoft.com/developer/msbuild/2003">
  <ItemGroup>
    <Filter Include="Display">
      <UniqueIdentifier>{4201a8fb-8297-4f49-9322-40b8d3de1d91}</UniqueIdentifier>
    </Filter>
    <Filter Include="Menu">
      <UniqueIdentifier>{e416a234-63fa-4376-8ba5-f17d155acb0e}</UniqueIdentifier>
    </Filter>
    <Filter Include="Hardware">
      <UniqueIdentifier>{a5e5d31d-9cac-41b8-ba47-f7db3a1331bb}</UniqueIdentifier>
    </Filter>
    <Filter Include="Settings">
      <UniqueIdentifier>{81d53e5e-f501-43d8-ab9c-d78f0d294ba7}</UniqueIdentifier>
    </Filter>
    <Filter Include="Utils">
      <UniqueIdentifier>{5a297795-d476-4362-b3d2-7fac99080f5d}</UniqueIdentifier>
    </Filter>
    <Filter Include="Menu\Pages">
      <UniqueIdentifier>{bd005fc4-1609-4d23-907d-1fef4c50e508}</UniqueIdentifier>
    </Filter>
    <Filter Include="src">
      <UniqueIdentifier>{145effa6-1dfd-4227-aa65-7c77fe10de74}</UniqueIdentifier>
    </Filter>
    <Filter Include="libs">
      <UniqueIdentifier>{b6de8b91-eaaa-4cfb-b45d-d852f5c55068}</UniqueIdentifier>
    </Filter>
    <Filter Include="libs\CMSIS">
      <UniqueIdentifier>{e8b8c361-53c2-455d-8e2b-95244c53e9e4}</UniqueIdentifier>
    </Filter>
    <Filter Include="libs\HAL">
      <UniqueIdentifier>{08b0c125-9162-4ad7-ad4e-a3f13afa9481}</UniqueIdentifier>
    </Filter>
    <Filter Include="common">
      <UniqueIdentifier>{3d9bfc4d-8e9c-4db0-bc72-6b565edf6c6d}</UniqueIdentifier>
    </Filter>
    <Filter Include="Display\Font">
      <UniqueIdentifier>{255c5d44-7148-42c2-bd4d-c6717ab7f6f2}</UniqueIdentifier>
    </Filter>
    <Filter Include="common\_VS">
      <UniqueIdentifier>{522de39f-b113-4f43-b498-9a04285ec5fa}</UniqueIdentifier>
    </Filter>
    <Filter Include="FrequencyMeter">
      <UniqueIdentifier>{7f35b7ae-0ac3-4dce-916a-90ff1271dcfd}</UniqueIdentifier>
    </Filter>
  </ItemGroup>
  <ItemGroup>
    <ClCompile Include="..\..\Panel\src\Display\Display.cpp">
      <Filter>Display</Filter>
    </ClCompile>
    <ClCompile Include="..\..\Panel\src\Display\InputWindow.cpp">
      <Filter>Display</Filter>
    </ClCompile>
    <ClCompile Include="..\..\Panel\src\Display\InputWindowStruct.cpp">
      <Filter>Display</Filter>
    </ClCompile>
    <ClCompile Include="..\..\Common\Command.cpp">
      <Filter>common</Filter>
    </ClCompile>
    <ClCompile Include="..\..\Panel\src\Display\Font\Font.cpp">
      <Filter>Display\Font</Filter>
    </ClCompile>
    <ClCompile Include="..\..\common\libs\STM32Cube_F4\Drivers\STM32F4xx_HAL_Driver\Src\stm32f4xx_hal.c">
      <Filter>libs\HAL</Filter>
    </ClCompile>
    <ClCompile Include="..\..\common\libs\STM32Cube_F4\Drivers\STM32F4xx_HAL_Driver\Src\stm32f4xx_hal_cortex.c">
      <Filter>libs\HAL</Filter>
    </ClCompile>
    <ClCompile Include="..\..\common\libs\STM32Cube_F4\Drivers\STM32F4xx_HAL_Driver\Src\stm32f4xx_hal_dma.c">
      <Filter>libs\HAL</Filter>
    </ClCompile>
    <ClCompile Include="..\..\common\libs\STM32Cube_F4\Drivers\STM32F4xx_HAL_Driver\Src\stm32f4xx_hal_dma2d.c">
      <Filter>libs\HAL</Filter>
    </ClCompile>
    <ClCompile Include="..\..\common\libs\STM32Cube_F4\Drivers\STM32F4xx_HAL_Driver\Src\stm32f4xx_hal_flash.c">
      <Filter>libs\HAL</Filter>
    </ClCompile>
    <ClCompile Include="..\..\common\libs\STM32Cube_F4\Drivers\STM32F4xx_HAL_Driver\Src\stm32f4xx_hal_flash_ex.c">
      <Filter>libs\HAL</Filter>
    </ClCompile>
    <ClCompile Include="..\..\common\libs\STM32Cube_F4\Drivers\STM32F4xx_HAL_Driver\Src\stm32f4xx_hal_gpio.c">
      <Filter>libs\HAL</Filter>
    </ClCompile>
    <ClCompile Include="..\..\common\libs\STM32Cube_F4\Drivers\STM32F4xx_HAL_Driver\Src\stm32f4xx_hal_ltdc.c">
      <Filter>libs\HAL</Filter>
    </ClCompile>
    <ClCompile Include="..\..\common\libs\STM32Cube_F4\Drivers\STM32F4xx_HAL_Driver\Src\stm32f4xx_hal_pwr.c">
      <Filter>libs\HAL</Filter>
    </ClCompile>
    <ClCompile Include="..\..\common\libs\STM32Cube_F4\Drivers\STM32F4xx_HAL_Driver\Src\stm32f4xx_hal_pwr_ex.c">
      <Filter>libs\HAL</Filter>
    </ClCompile>
    <ClCompile Include="..\..\common\libs\STM32Cube_F4\Drivers\STM32F4xx_HAL_Driver\Src\stm32f4xx_hal_rcc.c">
      <Filter>libs\HAL</Filter>
    </ClCompile>
    <ClCompile Include="..\..\common\libs\STM32Cube_F4\Drivers\STM32F4xx_HAL_Driver\Src\stm32f4xx_hal_rcc_ex.c">
      <Filter>libs\HAL</Filter>
    </ClCompile>
    <ClCompile Include="..\..\common\libs\STM32Cube_F4\Drivers\STM32F4xx_HAL_Driver\Src\stm32f4xx_hal_rtc.c">
      <Filter>libs\HAL</Filter>
    </ClCompile>
    <ClCompile Include="..\..\common\libs\STM32Cube_F4\Drivers\STM32F4xx_HAL_Driver\Src\stm32f4xx_hal_rtc_ex.c">
      <Filter>libs\HAL</Filter>
    </ClCompile>
    <ClCompile Include="..\..\common\libs\STM32Cube_F4\Drivers\STM32F4xx_HAL_Driver\Src\stm32f4xx_hal_spi.c">
      <Filter>libs\HAL</Filter>
    </ClCompile>
    <ClCompile Include="..\..\common\libs\STM32Cube_F4\Drivers\STM32F4xx_HAL_Driver\Src\stm32f4xx_hal_sram.c">
      <Filter>libs\HAL</Filter>
    </ClCompile>
    <ClCompile Include="..\..\common\libs\STM32Cube_F4\Drivers\STM32F4xx_HAL_Driver\Src\stm32f4xx_hal_tim.c">
      <Filter>libs\HAL</Filter>
    </ClCompile>
    <ClCompile Include="..\..\common\libs\STM32Cube_F4\Drivers\STM32F4xx_HAL_Driver\Src\stm32f4xx_hal_tim_ex.c">
      <Filter>libs\HAL</Filter>
    </ClCompile>
    <ClCompile Include="..\..\common\libs\STM32Cube_F4\Drivers\STM32F4xx_HAL_Driver\Src\stm32f4xx_ll_fmc.c">
      <Filter>libs\HAL</Filter>
    </ClCompile>
    <ClCompile Include="..\..\Panel\src\Settings\Settings.cpp">
      <Filter>Settings</Filter>
    </ClCompile>
    <ClCompile Include="..\..\Panel\src\main.cpp">
      <Filter>src</Filter>
    </ClCompile>
    <ClCompile Include="..\..\Panel\src\Hardware\CPU.cpp">
      <Filter>Hardware</Filter>
    </ClCompile>
    <ClCompile Include="..\..\Panel\src\libs\CMSIS\system_stm32f4xx.c">
      <Filter>libs\CMSIS</Filter>
    </ClCompile>
    <ClCompile Include="..\..\Panel\src\Hardware\CPU_Keyboard.cpp">
      <Filter>Hardware</Filter>
    </ClCompile>
    <ClCompile Include="..\..\Panel\src\Hardware\CPU_FLASH.cpp">
      <Filter>Hardware</Filter>
    </ClCompile>
    <ClCompile Include="..\..\Panel\src\Hardware\LTDC.cpp">
      <Filter>Hardware</Filter>
    </ClCompile>
    <ClCompile Include="..\..\Panel\src\Hardware\CPU_IT.cpp">
      <Filter>Hardware</Filter>
    </ClCompile>
    <ClCompile Include="..\..\Panel\src\Menu\Pages\AddPageInput.cpp">
      <Filter>Menu\Pages</Filter>
    </ClCompile>
    <ClCompile Include="..\..\Panel\src\Menu\Pages\PageDebug.cpp">
      <Filter>Menu\Pages</Filter>
    </ClCompile>
    <ClCompile Include="..\..\Panel\src\Menu\Pages\PageService.cpp">
      <Filter>Menu\Pages</Filter>
    </ClCompile>
    <ClCompile Include="..\..\Panel\src\Menu\Pages\PageSettings.cpp">
      <Filter>Menu\Pages</Filter>
    </ClCompile>
    <ClCompile Include="..\..\Panel\src\Menu\Pages\PageSettings2.cpp">
      <Filter>Menu\Pages</Filter>
    </ClCompile>
    <ClCompile Include="..\..\Panel\src\globals.cpp">
      <Filter>src</Filter>
    </ClCompile>
    <ClCompile Include="..\..\Panel\src\Display\Painter.cpp">
      <Filter>Display</Filter>
    </ClCompile>
    <ClCompile Include="..\..\Panel\src\Display\Colors.cpp">
      <Filter>Display</Filter>
    </ClCompile>
    <ClCompile Include="..\..\Panel\src\Display\PainterSTM429.cpp">
      <Filter>Display</Filter>
    </ClCompile>
    <ClCompile Include="..\..\Panel\src\Hardware\Timer.cpp">
      <Filter>Hardware</Filter>
    </ClCompile>
    <ClCompile Include="..\..\Panel\src\Hardware\Timer4XX.cpp">
      <Filter>Hardware</Filter>
    </ClCompile>
    <ClCompile Include="..\..\Panel\src\Hardware\VCP.cpp">
      <Filter>Hardware</Filter>
    </ClCompile>
    <ClCompile Include="..\..\Panel\src\Menu\Menu.cpp">
      <Filter>Menu</Filter>
    </ClCompile>
    <ClCompile Include="..\..\Panel\src\Menu\MenuDrawing.cpp">
      <Filter>Menu</Filter>
    </ClCompile>
    <ClCompile Include="..\..\Panel\src\Menu\MenuItems.cpp">
      <Filter>Menu</Filter>
    </ClCompile>
    <ClCompile Include="..\..\Panel\src\Menu\MenuItemsGraphics.cpp">
      <Filter>Menu</Filter>
    </ClCompile>
    <ClCompile Include="..\..\Panel\src\Menu\MenuItemsLogic.cpp">
      <Filter>Menu</Filter>
    </ClCompile>
    <ClCompile Include="..\..\Panel\src\Generator.cpp">
      <Filter>src</Filter>
    </ClCompile>
    <ClCompile Include="..\..\Panel\src\Log.cpp">
      <Filter>src</Filter>
    </ClCompile>
    <ClCompile Include="..\..\Panel\src\Utils\Math.cpp">
      <Filter>Utils</Filter>
    </ClCompile>
    <ClCompile Include="..\..\Panel\src\Utils\StringUtils.cpp">
      <Filter>Utils</Filter>
    </ClCompile>
    <ClCompile Include="..\..\Panel\src\Utils\CommonFunctions.cpp">
      <Filter>Utils</Filter>
    </ClCompile>
    <ClCompile Include="..\..\Panel\src\Menu\Pages\PageFrequencyCounter.cpp">
      <Filter>Menu\Pages</Filter>
    </ClCompile>
    <ClCompile Include="..\..\Panel\src\Menu\Pages\PageUSB.cpp">
      <Filter>Menu\Pages</Filter>
    </ClCompile>
    <ClCompile Include="..\..\Panel\src\Hardware\stm429.cpp">
      <Filter>Hardware</Filter>
    </ClCompile>
    <ClCompile Include="..\..\Panel\src\Display\Text.cpp">
      <Filter>Display</Filter>
    </ClCompile>
    <ClCompile Include="..\..\Panel\src\Menu\Hint.cpp">
      <Filter>Menu</Filter>
    </ClCompile>
    <ClCompile Include="..\..\Panel\src\Wave.cpp">
      <Filter>src</Filter>
    </ClCompile>
    <ClCompile Include="..\..\Panel\src\Display\Console.cpp">
      <Filter>Display</Filter>
    </ClCompile>
    <ClCompile Include="..\..\Panel\src\Utils\Statistics.cpp">
      <Filter>Utils</Filter>
    </ClCompile>
    <ClCompile Include="..\..\Panel\src\FrequencyMeter\FrequencyMeter.cpp">
      <Filter>FrequencyMeter</Filter>
    </ClCompile>
    <ClCompile Include="..\..\Panel\src\Menu\Pages\PageRegisters.cpp">
      <Filter>Menu\Pages</Filter>
    </ClCompile>
  </ItemGroup>
  <ItemGroup>
    <ClInclude Include="..\..\Panel\src\Settings\SettingsTypes.h">
      <Filter>Settings</Filter>
    </ClInclude>
    <ClInclude Include="..\..\Panel\src\Settings\Settings.h">
      <Filter>Settings</Filter>
    </ClInclude>
    <ClInclude Include="..\..\Panel\src\Display\font\Font.h">
      <Filter>Display\Font</Filter>
    </ClInclude>
    <ClInclude Include="..\..\Panel\src\Settings\SettingsSignals.h">
      <Filter>Settings</Filter>
    </ClInclude>
    <ClInclude Include="..\..\Common\Command.h">
      <Filter>common</Filter>
    </ClInclude>
    <ClInclude Include="..\..\Panel\src\Display\Display.h">
      <Filter>Display</Filter>
    </ClInclude>
    <ClInclude Include="..\..\Panel\src\Display\DisplayTypes.h">
      <Filter>Display</Filter>
    </ClInclude>
    <ClInclude Include="..\..\Panel\src\Display\InputWindow.h">
      <Filter>Display</Filter>
    </ClInclude>
    <ClInclude Include="..\..\Panel\src\Display\InputWindowStruct.h">
      <Filter>Display</Filter>
    </ClInclude>
    <ClInclude Include="..\..\Panel\src\Display\Symbols.h">
      <Filter>Display</Filter>
    </ClInclude>
    <ClInclude Include="..\..\common\libs\STM32Cube_F4\Drivers\STM32F4xx_HAL_Driver\Inc\stm32f4xx_ll_fmc.h">
      <Filter>libs\HAL</Filter>
    </ClInclude>
    <ClInclude Include="..\..\common\libs\STM32Cube_F4\Drivers\STM32F4xx_HAL_Driver\Inc\stm32f4xx_hal.h">
      <Filter>libs\HAL</Filter>
    </ClInclude>
    <ClInclude Include="..\..\common\libs\STM32Cube_F4\Drivers\STM32F4xx_HAL_Driver\Inc\stm32f4xx_hal_cortex.h">
      <Filter>libs\HAL</Filter>
    </ClInclude>
    <ClInclude Include="..\..\common\libs\STM32Cube_F4\Drivers\STM32F4xx_HAL_Driver\Inc\stm32f4xx_hal_dma.h">
      <Filter>libs\HAL</Filter>
    </ClInclude>
    <ClInclude Include="..\..\common\libs\STM32Cube_F4\Drivers\STM32F4xx_HAL_Driver\Inc\stm32f4xx_hal_dma2d.h">
      <Filter>libs\HAL</Filter>
    </ClInclude>
    <ClInclude Include="..\..\common\libs\STM32Cube_F4\Drivers\STM32F4xx_HAL_Driver\Inc\stm32f4xx_hal_flash.h">
      <Filter>libs\HAL</Filter>
    </ClInclude>
    <ClInclude Include="..\..\common\libs\STM32Cube_F4\Drivers\STM32F4xx_HAL_Driver\Inc\stm32f4xx_hal_flash_ex.h">
      <Filter>libs\HAL</Filter>
    </ClInclude>
    <ClInclude Include="..\..\common\libs\STM32Cube_F4\Drivers\STM32F4xx_HAL_Driver\Inc\stm32f4xx_hal_gpio.h">
      <Filter>libs\HAL</Filter>
    </ClInclude>
    <ClInclude Include="..\..\common\libs\STM32Cube_F4\Drivers\STM32F4xx_HAL_Driver\Inc\stm32f4xx_hal_ltdc.h">
      <Filter>libs\HAL</Filter>
    </ClInclude>
    <ClInclude Include="..\..\common\libs\STM32Cube_F4\Drivers\STM32F4xx_HAL_Driver\Inc\stm32f4xx_hal_pwr.h">
      <Filter>libs\HAL</Filter>
    </ClInclude>
    <ClInclude Include="..\..\common\libs\STM32Cube_F4\Drivers\STM32F4xx_HAL_Driver\Inc\stm32f4xx_hal_pwr_ex.h">
      <Filter>libs\HAL</Filter>
    </ClInclude>
    <ClInclude Include="..\..\common\libs\STM32Cube_F4\Drivers\STM32F4xx_HAL_Driver\Inc\stm32f4xx_hal_rcc.h">
      <Filter>libs\HAL</Filter>
    </ClInclude>
    <ClInclude Include="..\..\common\libs\STM32Cube_F4\Drivers\STM32F4xx_HAL_Driver\Inc\stm32f4xx_hal_rcc_ex.h">
      <Filter>libs\HAL</Filter>
    </ClInclude>
    <ClInclude Include="..\..\common\libs\STM32Cube_F4\Drivers\STM32F4xx_HAL_Driver\Inc\stm32f4xx_hal_rtc.h">
      <Filter>libs\HAL</Filter>
    </ClInclude>
    <ClInclude Include="..\..\common\libs\STM32Cube_F4\Drivers\STM32F4xx_HAL_Driver\Inc\stm32f4xx_hal_rtc_ex.h">
      <Filter>libs\HAL</Filter>
    </ClInclude>
    <ClInclude Include="..\..\common\libs\STM32Cube_F4\Drivers\STM32F4xx_HAL_Driver\Inc\stm32f4xx_hal_spi.h">
      <Filter>libs\HAL</Filter>
    </ClInclude>
    <ClInclude Include="..\..\common\libs\STM32Cube_F4\Drivers\STM32F4xx_HAL_Driver\Inc\stm32f4xx_hal_sram.h">
      <Filter>libs\HAL</Filter>
    </ClInclude>
    <ClInclude Include="..\..\common\libs\STM32Cube_F4\Drivers\STM32F4xx_HAL_Driver\Inc\stm32f4xx_hal_tim.h">
      <Filter>libs\HAL</Filter>
    </ClInclude>
    <ClInclude Include="..\..\common\libs\STM32Cube_F4\Drivers\STM32F4xx_HAL_Driver\Inc\stm32f4xx_hal_tim_ex.h">
      <Filter>libs\HAL</Filter>
    </ClInclude>
    <ClInclude Include="..\..\Panel\src\defines.h">
      <Filter>src</Filter>
    </ClInclude>
    <ClInclude Include="..\..\Panel\src\Hardware\CPU.h">
      <Filter>Hardware</Filter>
    </ClInclude>
    <ClInclude Include="..\..\Panel\src\libs\HAL\stm32f4xx_hal_conf.h">
      <Filter>libs\HAL</Filter>
    </ClInclude>
    <ClInclude Include="..\..\Panel\src\Hardware\Controls.h">
      <Filter>Hardware</Filter>
    </ClInclude>
    <ClInclude Include="..\..\common\libs\STM32Cube_F4\Drivers\CMSIS\Device\ST\STM32F4xx\Include\stm32f429xx.h">
      <Filter>libs\CMSIS</Filter>
    </ClInclude>
    <ClInclude Include="..\..\Panel\src\Hardware\LTDC.h">
      <Filter>Hardware</Filter>
    </ClInclude>
    <ClInclude Include="..\..\Panel\src\Menu\Pages\AddPageInput.h">
      <Filter>Menu\Pages</Filter>
    </ClInclude>
    <ClInclude Include="..\..\Panel\src\Menu\Pages\PageDebug.h">
      <Filter>Menu\Pages</Filter>
    </ClInclude>
    <ClInclude Include="..\..\Panel\src\Menu\Pages\PageService.h">
      <Filter>Menu\Pages</Filter>
    </ClInclude>
    <ClInclude Include="..\..\Panel\src\Settings\SettingsDisplay.h">
      <Filter>Settings</Filter>
    </ClInclude>
    <ClInclude Include="..\..\Panel\src\Menu\Pages\PageSettings.h">
      <Filter>Menu\Pages</Filter>
    </ClInclude>
    <ClInclude Include="..\..\Panel\src\Menu\Pages\PageSettings2.h">
      <Filter>Menu\Pages</Filter>
    </ClInclude>
    <ClInclude Include="..\..\Panel\src\globals.h">
      <Filter>src</Filter>
    </ClInclude>
    <ClInclude Include="..\..\Panel\src\Display\Painter.h">
      <Filter>Display</Filter>
    </ClInclude>
    <ClInclude Include="..\..\Panel\src\Display\Colors.h">
      <Filter>Display</Filter>
    </ClInclude>
    <ClInclude Include="..\..\Panel\src\Hardware\Timer.h">
      <Filter>Hardware</Filter>
    </ClInclude>
    <ClInclude Include="..\..\Panel\src\Hardware\Timer4XX.h">
      <Filter>Hardware</Filter>
    </ClInclude>
    <ClInclude Include="..\..\Panel\src\Hardware\VCP.h">
      <Filter>Hardware</Filter>
    </ClInclude>
    <ClInclude Include="..\..\Panel\src\Menu\Menu.h">
      <Filter>Menu</Filter>
    </ClInclude>
    <ClInclude Include="..\..\Panel\src\Menu\MenuItems.h">
      <Filter>Menu</Filter>
    </ClInclude>
    <ClInclude Include="..\..\Panel\src\Menu\MenuItemsDefs.h">
      <Filter>Menu</Filter>
    </ClInclude>
    <ClInclude Include="..\..\Panel\src\Menu\MenuPagesNames.h">
      <Filter>Menu</Filter>
    </ClInclude>
    <ClInclude Include="..\..\Panel\src\Generator.h">
      <Filter>src</Filter>
    </ClInclude>
    <ClInclude Include="..\..\Panel\src\Log.h">
      <Filter>src</Filter>
    </ClInclude>
    <ClInclude Include="..\..\Panel\src\structs.h">
      <Filter>src</Filter>
    </ClInclude>
    <ClInclude Include="..\..\Panel\src\Utils\Math.h">
      <Filter>Utils</Filter>
    </ClInclude>
    <ClInclude Include="..\..\Panel\src\Utils\StringUtils.h">
      <Filter>Utils</Filter>
    </ClInclude>
    <ClInclude Include="..\..\Panel\src\Utils\CommonFunctions.h">
      <Filter>Utils</Filter>
    </ClInclude>
    <ClInclude Include="..\..\Panel\src\Menu\Pages\PageFrequencyCounter.h">
      <Filter>Menu\Pages</Filter>
    </ClInclude>
    <ClInclude Include="..\..\Panel\src\Menu\Pages\PageUSB.h">
      <Filter>Menu\Pages</Filter>
    </ClInclude>
    <ClInclude Include="..\..\common\_VS\cmsis_armcc.h">
      <Filter>common\_VS</Filter>
    </ClInclude>
    <ClInclude Include="..\..\common\_VS\cmsis_armcc_V6.h">
      <Filter>common\_VS</Filter>
    </ClInclude>
    <ClInclude Include="..\..\common\_VS\core_cm4.h">
      <Filter>common\_VS</Filter>
    </ClInclude>
    <ClInclude Include="..\..\common\_VS\core_cm7.h">
      <Filter>common\_VS</Filter>
    </ClInclude>
    <ClInclude Include="..\..\common\_VS\core_cmFunc.h">
      <Filter>common\_VS</Filter>
    </ClInclude>
    <ClInclude Include="..\..\common\_VS\core_cmInstr.h">
      <Filter>common\_VS</Filter>
    </ClInclude>
    <ClInclude Include="..\..\common\_VS\core_cmSimd.h">
      <Filter>common\_VS</Filter>
    </ClInclude>
    <ClInclude Include="..\..\common\_VS\ctype.h">
      <Filter>common\_VS</Filter>
    </ClInclude>
    <ClInclude Include="..\..\common\_VS\integer.h">
      <Filter>common\_VS</Filter>
    </ClInclude>
    <ClInclude Include="..\..\common\_VS\inttypes.h">
      <Filter>common\_VS</Filter>
    </ClInclude>
    <ClInclude Include="..\..\common\_VS\limits.h">
      <Filter>common\_VS</Filter>
    </ClInclude>
    <ClInclude Include="..\..\common\_VS\math.h">
      <Filter>common\_VS</Filter>
    </ClInclude>
    <ClInclude Include="..\..\common\_VS\stdarg.h">
      <Filter>common\_VS</Filter>
    </ClInclude>
    <ClInclude Include="..\..\common\_VS\stdint.h">
      <Filter>common\_VS</Filter>
    </ClInclude>
    <ClInclude Include="..\..\common\_VS\stdio.h">
      <Filter>common\_VS</Filter>
    </ClInclude>
    <ClInclude Include="..\..\common\_VS\stdlib.h">
      <Filter>common\_VS</Filter>
    </ClInclude>
    <ClInclude Include="..\..\common\_VS\string.h">
      <Filter>common\_VS</Filter>
    </ClInclude>
    <ClInclude Include="..\..\common\_VS\tchar.h">
      <Filter>common\_VS</Filter>
    </ClInclude>
    <ClInclude Include="..\..\common\_VS\windows.h">
      <Filter>common\_VS</Filter>
    </ClInclude>
    <ClInclude Include="..\..\Panel\src\Hardware\stm429.h">
      <Filter>Hardware</Filter>
    </ClInclude>
    <ClInclude Include="..\..\Panel\src\Display\Text.h">
      <Filter>Display</Filter>
    </ClInclude>
    <ClInclude Include="..\..\Panel\src\Menu\Hint.h">
      <Filter>Menu</Filter>
    </ClInclude>
    <ClInclude Include="..\..\Panel\src\Wave.h">
      <Filter>src</Filter>
    </ClInclude>
    <ClInclude Include="..\..\Panel\src\Display\Console.h">
      <Filter>Display</Filter>
    </ClInclude>
    <ClInclude Include="..\..\Panel\src\Utils\Statistics.h">
      <Filter>Utils</Filter>
    </ClInclude>
    <ClInclude Include="..\..\Panel\src\FrequencyMeter\FrequencyMeter.h">
      <Filter>FrequencyMeter</Filter>
    </ClInclude>
    <ClInclude Include="..\..\Panel\src\Menu\Pages\PageRegisters.h">
      <Filter>Menu\Pages</Filter>
    </ClInclude>
  </ItemGroup>
  <ItemGroup>
    <None Include="..\..\Panel\src\Display\font\font5.inc">
      <Filter>Display\Font</Filter>
    </None>
    <None Include="..\..\Panel\src\Display\font\font8.inc">
      <Filter>Display\Font</Filter>
    </None>
    <None Include="..\..\Panel\src\Display\font\fontUGO.inc">
      <Filter>Display\Font</Filter>
    </None>
    <None Include="..\..\Panel\src\Display\font\fontUGO2.inc">
      <Filter>Display\Font</Filter>
    </None>
    <None Include="..\..\Panel\src\libs\CMSIS\startup_stm32f429xx.s">
      <Filter>libs\CMSIS</Filter>
    </None>
    <None Include="..\..\common\_VS\algorithm">
      <Filter>common\_VS</Filter>
    </None>
    <None Include="..\..\common\_VS\cstdlib">
      <Filter>common\_VS</Filter>
    </None>
    <None Include="..\..\common\_VS\cstring">
      <Filter>common\_VS</Filter>
    </None>
    <None Include="..\..\common\_VS\limits">
      <Filter>common\_VS</Filter>
    </None>
  </ItemGroup>
</Project>