<?xml version="1.0" encoding="utf-8"?>
<Project ToolsVersion="4.0" xmlns="http://schemas.microsoft.com/developer/msbuild/2003">
  <ItemGroup>
    <Filter Include="libs">
      <UniqueIdentifier>{c7ab4f89-315c-45ec-b7e7-7982e74fc7ba}</UniqueIdentifier>
    </Filter>
    <Filter Include="Hardware">
      <UniqueIdentifier>{9980374c-31e6-4c21-b682-4c5854377c95}</UniqueIdentifier>
    </Filter>
    <Filter Include="src">
      <UniqueIdentifier>{efa04421-7f6e-46b5-8bd8-5635ac186fa1}</UniqueIdentifier>
    </Filter>
    <Filter Include="Generator">
      <UniqueIdentifier>{b8850203-7784-4fae-a9e0-cf34b4fb285c}</UniqueIdentifier>
    </Filter>
    <Filter Include="Interface">
      <UniqueIdentifier>{233f06b4-dbf8-4e99-96b1-30d53fe46589}</UniqueIdentifier>
    </Filter>
    <Filter Include="libs\HAL">
      <UniqueIdentifier>{d25b18f7-fb9e-4211-bb88-ec55b6bac8b9}</UniqueIdentifier>
    </Filter>
    <Filter Include="libs\CMSIS">
      <UniqueIdentifier>{980ec59a-8ed9-4b35-9654-a1be33dfd050}</UniqueIdentifier>
    </Filter>
    <Filter Include="common">
      <UniqueIdentifier>{9fb7c831-1827-4375-b31e-8be47d1389fb}</UniqueIdentifier>
    </Filter>
    <Filter Include="common\_VS">
      <UniqueIdentifier>{4813cb9e-504a-4ec9-b68c-726ee8a80022}</UniqueIdentifier>
    </Filter>
    <Filter Include="Utils">
      <UniqueIdentifier>{fbc513a4-c409-4ed9-b1f6-b3652fdc04eb}</UniqueIdentifier>
    </Filter>
    <Filter Include="FreqMeter">
      <UniqueIdentifier>{5c2d5a42-6e3b-4b55-ac0c-ef491a2cee48}</UniqueIdentifier>
    </Filter>
    <Filter Include="Settings">
      <UniqueIdentifier>{1787b309-cdce-4760-afe3-787ad19c4528}</UniqueIdentifier>
    </Filter>
    <Filter Include="libs\USBH">
      <UniqueIdentifier>{14bcc8f7-0f4a-458f-8f22-d36469e19636}</UniqueIdentifier>
    </Filter>
    <Filter Include="libs\FatFS">
      <UniqueIdentifier>{42a3adc6-518a-4c65-a9ca-e98842d25871}</UniqueIdentifier>
    </Filter>
    <Filter Include="FDrive">
      <UniqueIdentifier>{0d9e9c65-8aa9-46a7-8277-a42a40e62415}</UniqueIdentifier>
    </Filter>
    <Filter Include="SCPI">
      <UniqueIdentifier>{1e2c54d1-b47d-4660-af49-d6154e8bcf46}</UniqueIdentifier>
    </Filter>
    <Filter Include="libs\USBD">
      <UniqueIdentifier>{b1da9dc2-fc74-4371-8c53-04fbe9bd067a}</UniqueIdentifier>
    </Filter>
    <Filter Include="Hardware\Modules">
      <UniqueIdentifier>{69cf0644-8960-4fc2-bbad-8e132fc56b96}</UniqueIdentifier>
    </Filter>
  </ItemGroup>
  <ItemGroup>
    <ClInclude Include="..\..\common\libs\STM32Cube_F4\Drivers\STM32F4xx_HAL_Driver\Inc\stm32f4xx_hal.h">
      <Filter>libs\HAL</Filter>
    </ClInclude>
    <ClInclude Include="..\..\common\libs\STM32Cube_F4\Drivers\STM32F4xx_HAL_Driver\Inc\stm32f4xx_hal_cortex.h">
      <Filter>libs\HAL</Filter>
    </ClInclude>
    <ClInclude Include="..\..\common\libs\STM32Cube_F4\Drivers\STM32F4xx_HAL_Driver\Inc\stm32f4xx_hal_dma.h">
      <Filter>libs\HAL</Filter>
    </ClInclude>
    <ClInclude Include="..\..\common\libs\STM32Cube_F4\Drivers\STM32F4xx_HAL_Driver\Inc\stm32f4xx_hal_gpio.h">
      <Filter>libs\HAL</Filter>
    </ClInclude>
    <ClInclude Include="..\..\common\libs\STM32Cube_F4\Drivers\STM32F4xx_HAL_Driver\Inc\stm32f4xx_hal_rcc.h">
      <Filter>libs\HAL</Filter>
    </ClInclude>
    <ClInclude Include="..\..\common\libs\STM32Cube_F4\Drivers\STM32F4xx_HAL_Driver\Inc\stm32f4xx_hal_spi.h">
      <Filter>libs\HAL</Filter>
    </ClInclude>
    <ClInclude Include="..\..\Device\src\defines.h">
      <Filter>src</Filter>
    </ClInclude>
    <ClInclude Include="..\..\Device\src\Generator\GeneratroSettings.h">
      <Filter>Generator</Filter>
    </ClInclude>
    <ClInclude Include="..\..\Device\src\Generator\GeneratorSettingsTypes.h">
      <Filter>Generator</Filter>
    </ClInclude>
    <ClInclude Include="..\..\Device\src\Generator\AD9952.h">
      <Filter>Generator</Filter>
    </ClInclude>
    <ClInclude Include="..\..\Device\src\Generator\FPGA.h">
      <Filter>Generator</Filter>
    </ClInclude>
    <ClInclude Include="..\..\common\libs\STM32Cube_F4\Drivers\STM32F4xx_HAL_Driver\Inc\stm32f4xx_hal_nor.h">
      <Filter>libs\HAL</Filter>
    </ClInclude>
    <ClInclude Include="..\..\common\libs\STM32Cube_F4\Drivers\STM32F4xx_HAL_Driver\Inc\stm32f4xx_ll_fsmc.h">
      <Filter>libs\HAL</Filter>
    </ClInclude>
    <ClInclude Include="..\..\Common\Command.h">
      <Filter>common</Filter>
    </ClInclude>
    <ClInclude Include="..\..\Device\src\Generator\AD5697.h">
      <Filter>Generator</Filter>
    </ClInclude>
    <ClInclude Include="..\..\common\libs\STM32Cube_F4\Drivers\STM32F4xx_HAL_Driver\Inc\stm32f4xx_hal_i2c.h">
      <Filter>libs\HAL</Filter>
    </ClInclude>
    <ClInclude Include="..\..\Device\src\libs\HAL\stm32f4xx_hal_conf.h">
      <Filter>libs\HAL</Filter>
    </ClInclude>
    <ClInclude Include="..\..\common\libs\STM32Cube_F4\Drivers\STM32F4xx_HAL_Driver\Inc\stm32f4xx_hal_tim.h">
      <Filter>libs\HAL</Filter>
    </ClInclude>
    <ClInclude Include="..\..\common\libs\STM32Cube_F4\Drivers\STM32F4xx_HAL_Driver\Inc\stm32f4xx_hal_tim_ex.h">
      <Filter>libs\HAL</Filter>
    </ClInclude>
    <ClInclude Include="..\..\Device\src\Hardware\Timer.h">
      <Filter>Hardware</Filter>
    </ClInclude>
    <ClInclude Include="..\..\Device\src\Hardware\Timer4XX.h">
      <Filter>Hardware</Filter>
    </ClInclude>
    <ClInclude Include="..\..\Device\src\Hardware\VCP.h">
      <Filter>Hardware</Filter>
    </ClInclude>
    <ClInclude Include="..\..\Device\src\Utils\Math.h">
      <Filter>Utils</Filter>
    </ClInclude>
    <ClInclude Include="..\..\common\CommonTypes.h">
      <Filter>common</Filter>
    </ClInclude>
    <ClInclude Include="..\..\Device\src\FreqMeter\FreqMeter.h">
      <Filter>FreqMeter</Filter>
    </ClInclude>
    <ClInclude Include="..\..\common\_VS\cmsis_armcc.h">
      <Filter>common\_VS</Filter>
    </ClInclude>
    <ClInclude Include="..\..\common\_VS\cmsis_armcc_V6.h">
      <Filter>common\_VS</Filter>
    </ClInclude>
    <ClInclude Include="..\..\common\_VS\core_cm4.h">
      <Filter>common\_VS</Filter>
    </ClInclude>
    <ClInclude Include="..\..\common\_VS\core_cm7.h">
      <Filter>common\_VS</Filter>
    </ClInclude>
    <ClInclude Include="..\..\common\_VS\core_cmFunc.h">
      <Filter>common\_VS</Filter>
    </ClInclude>
    <ClInclude Include="..\..\common\_VS\core_cmInstr.h">
      <Filter>common\_VS</Filter>
    </ClInclude>
    <ClInclude Include="..\..\common\_VS\core_cmSimd.h">
      <Filter>common\_VS</Filter>
    </ClInclude>
    <ClInclude Include="..\..\common\_VS\ctype.h">
      <Filter>common\_VS</Filter>
    </ClInclude>
    <ClInclude Include="..\..\common\_VS\integer.h">
      <Filter>common\_VS</Filter>
    </ClInclude>
    <ClInclude Include="..\..\common\_VS\inttypes.h">
      <Filter>common\_VS</Filter>
    </ClInclude>
    <ClInclude Include="..\..\common\_VS\limits.h">
      <Filter>common\_VS</Filter>
    </ClInclude>
    <ClInclude Include="..\..\common\_VS\math.h">
      <Filter>common\_VS</Filter>
    </ClInclude>
    <ClInclude Include="..\..\common\_VS\stdarg.h">
      <Filter>common\_VS</Filter>
    </ClInclude>
    <ClInclude Include="..\..\common\_VS\stdint.h">
      <Filter>common\_VS</Filter>
    </ClInclude>
    <ClInclude Include="..\..\common\_VS\stdio.h">
      <Filter>common\_VS</Filter>
    </ClInclude>
    <ClInclude Include="..\..\common\_VS\stdlib.h">
      <Filter>common\_VS</Filter>
    </ClInclude>
    <ClInclude Include="..\..\common\_VS\string.h">
      <Filter>common\_VS</Filter>
    </ClInclude>
    <ClInclude Include="..\..\common\_VS\tchar.h">
      <Filter>common\_VS</Filter>
    </ClInclude>
    <ClInclude Include="..\..\common\_VS\windows.h">
      <Filter>common\_VS</Filter>
    </ClInclude>
    <ClInclude Include="..\..\Device\src\Utils\Debug.h">
      <Filter>Utils</Filter>
    </ClInclude>
    <ClInclude Include="..\..\Device\src\Settings\SettingsTypes.h">
      <Filter>Settings</Filter>
    </ClInclude>
    <ClInclude Include="..\..\common\Wave.h">
      <Filter>common</Filter>
    </ClInclude>
    <ClInclude Include="..\..\Device\src\structs.h">
      <Filter>src</Filter>
    </ClInclude>
    <ClInclude Include="..\..\Device\src\Utils\StringUtils.h">
      <Filter>Utils</Filter>
    </ClInclude>
    <ClInclude Include="..\..\Device\src\libs\USBH\usbh_conf.h">
      <Filter>libs\USBH</Filter>
    </ClInclude>
    <ClInclude Include="..\..\Device\src\libs\USBH\usbh_diskio.h">
      <Filter>libs\USBH</Filter>
    </ClInclude>
    <ClInclude Include="..\..\Device\src\libs\FatFS\ffconf.h">
      <Filter>libs\FatFS</Filter>
    </ClInclude>
    <ClInclude Include="..\..\common\libs\STM32Cube_F4\Drivers\STM32F4xx_HAL_Driver\Inc\stm32f4xx_hal_hcd.h">
      <Filter>libs\HAL</Filter>
    </ClInclude>
    <ClInclude Include="..\..\Device\src\Generator\GeneratorDevice.h">
      <Filter>Generator</Filter>
    </ClInclude>
    <ClInclude Include="..\..\Device\src\Interface\InterfaceDevice.h">
      <Filter>Interface</Filter>
    </ClInclude>
    <ClInclude Include="..\..\Device\src\FDrive\FDriveDevice.h">
      <Filter>FDrive</Filter>
    </ClInclude>
    <ClInclude Include="..\..\Device\src\stdafx.h">
      <Filter>src</Filter>
    </ClInclude>
    <ClInclude Include="..\..\Device\src\SCPI\SCPI.h">
      <Filter>SCPI</Filter>
    </ClInclude>
    <ClInclude Include="..\..\Device\src\libs\USBD\usbd_cdc_interface.h">
      <Filter>libs\USBD</Filter>
    </ClInclude>
    <ClInclude Include="..\..\Device\src\libs\USBD\usbd_conf.h">
      <Filter>libs\USBD</Filter>
    </ClInclude>
    <ClInclude Include="..\..\Device\src\libs\USBD\usbd_desc.h">
      <Filter>libs\USBD</Filter>
    </ClInclude>
    <ClInclude Include="..\..\Device\src\Hardware\stm32.h">
      <Filter>Hardware</Filter>
    </ClInclude>
    <ClInclude Include="..\..\Device\src\Hardware\stm407.h">
      <Filter>Hardware</Filter>
    </ClInclude>
    <ClInclude Include="..\..\common\Transceiver.h">
      <Filter>common</Filter>
    </ClInclude>
    <ClInclude Include="..\..\Device\src\Hardware\CPU.h">
      <Filter>Hardware</Filter>
    </ClInclude>
    <ClInclude Include="..\..\Device\src\Hardware\Modules\SPI.h">
      <Filter>Hardware\Modules</Filter>
    </ClInclude>
    <ClInclude Include="..\..\common\Message.h">
      <Filter>common</Filter>
    </ClInclude>
    <ClInclude Include="..\..\common\_VS\cstdarg">
      <Filter>common\_VS</Filter>
    </ClInclude>
    <ClInclude Include="..\..\Device\src\log.h">
      <Filter>src</Filter>
    </ClInclude>
    <ClInclude Include="..\..\Device\src\Hardware\Modules\EEPROM.h">
      <Filter>Hardware\Modules</Filter>
    </ClInclude>
    <ClInclude Include="..\..\Device\src\Settings\CalibrationSettings.h">
      <Filter>Settings</Filter>
    </ClInclude>
    <ClInclude Include="..\..\common\_VS\queue">
      <Filter>common\_VS</Filter>
    </ClInclude>
    <ClInclude Include="..\..\Device\src\Utils\Queue.h">
      <Filter>Utils</Filter>
    </ClInclude>
    <ClInclude Include="..\..\Device\src\Interface\HandlersDevice.h">
      <Filter>Interface</Filter>
    </ClInclude>
    <ClInclude Include="..\..\Device\src\Utils\String.h">
      <Filter>Utils</Filter>
    </ClInclude>
    <ClInclude Include="..\..\Device\src\libs\FatFS\FatFS.h">
      <Filter>libs\FatFS</Filter>
    </ClInclude>
  </ItemGroup>
  <ItemGroup>
    <ClCompile Include="..\..\common\libs\STM32Cube_F4\Drivers\STM32F4xx_HAL_Driver\Src\stm32f4xx_hal.c">
      <Filter>libs\HAL</Filter>
    </ClCompile>
    <ClCompile Include="..\..\common\libs\STM32Cube_F4\Drivers\STM32F4xx_HAL_Driver\Src\stm32f4xx_hal_cortex.c">
      <Filter>libs\HAL</Filter>
    </ClCompile>
    <ClCompile Include="..\..\common\libs\STM32Cube_F4\Drivers\STM32F4xx_HAL_Driver\Src\stm32f4xx_hal_dma.c">
      <Filter>libs\HAL</Filter>
    </ClCompile>
    <ClCompile Include="..\..\common\libs\STM32Cube_F4\Drivers\STM32F4xx_HAL_Driver\Src\stm32f4xx_hal_gpio.c">
      <Filter>libs\HAL</Filter>
    </ClCompile>
    <ClCompile Include="..\..\common\libs\STM32Cube_F4\Drivers\STM32F4xx_HAL_Driver\Src\stm32f4xx_hal_rcc.c">
      <Filter>libs\HAL</Filter>
    </ClCompile>
    <ClCompile Include="..\..\common\libs\STM32Cube_F4\Drivers\STM32F4xx_HAL_Driver\Src\stm32f4xx_hal_spi.c">
      <Filter>libs\HAL</Filter>
    </ClCompile>
    <ClCompile Include="..\..\common\libs\STM32Cube_F4\Drivers\STM32F4xx_HAL_Driver\Src\stm32f4xx_hal_nor.c">
      <Filter>libs\HAL</Filter>
    </ClCompile>
    <ClCompile Include="..\..\common\libs\STM32Cube_F4\Drivers\STM32F4xx_HAL_Driver\Src\stm32f4xx_ll_fsmc.c">
      <Filter>libs\HAL</Filter>
    </ClCompile>
    <ClCompile Include="..\..\common\libs\STM32Cube_F4\Drivers\STM32F4xx_HAL_Driver\Src\stm32f4xx_hal_i2c.c">
      <Filter>libs\HAL</Filter>
    </ClCompile>
    <ClCompile Include="..\..\Device\src\Generator\AD9952.cpp">
      <Filter>Generator</Filter>
    </ClCompile>
    <ClCompile Include="..\..\Device\src\Generator\AD5697.cpp">
      <Filter>Generator</Filter>
    </ClCompile>
    <ClCompile Include="..\..\Device\src\main.cpp">
      <Filter>src</Filter>
    </ClCompile>
    <ClCompile Include="..\..\Device\src\Generator\FPGA.cpp">
      <Filter>Generator</Filter>
    </ClCompile>
    <ClCompile Include="..\..\Device\src\Generator\GeneratorSettings.cpp">
      <Filter>Generator</Filter>
    </ClCompile>
    <ClCompile Include="..\..\Device\src\libs\CMSIS\system_stm32f4xx.c">
      <Filter>libs\CMSIS</Filter>
    </ClCompile>
    <ClCompile Include="..\..\common\libs\STM32Cube_F4\Drivers\STM32F4xx_HAL_Driver\Src\stm32f4xx_hal_tim.c">
      <Filter>libs\HAL</Filter>
    </ClCompile>
    <ClCompile Include="..\..\common\libs\STM32Cube_F4\Drivers\STM32F4xx_HAL_Driver\Src\stm32f4xx_hal_tim_ex.c">
      <Filter>libs\HAL</Filter>
    </ClCompile>
    <ClCompile Include="..\..\Device\src\Hardware\Timer.cpp">
      <Filter>Hardware</Filter>
    </ClCompile>
    <ClCompile Include="..\..\Device\src\Hardware\Timer4XX.cpp">
      <Filter>Hardware</Filter>
    </ClCompile>
    <ClCompile Include="..\..\Device\src\Hardware\VCP.cpp">
      <Filter>Hardware</Filter>
    </ClCompile>
    <ClCompile Include="..\..\Device\src\Generator\Multiplexor.cpp">
      <Filter>Generator</Filter>
    </ClCompile>
    <ClCompile Include="..\..\Device\src\Utils\Math.cpp">
      <Filter>Utils</Filter>
    </ClCompile>
    <ClCompile Include="..\..\Device\src\FreqMeter\FreqMeter.cpp">
      <Filter>FreqMeter</Filter>
    </ClCompile>
    <ClCompile Include="..\..\Device\src\Utils\Debug.cpp">
      <Filter>Utils</Filter>
    </ClCompile>
    <ClCompile Include="..\..\Common\Command.cpp">
      <Filter>common</Filter>
    </ClCompile>
    <ClCompile Include="..\..\Common\Wave.cpp">
      <Filter>common</Filter>
    </ClCompile>
    <ClCompile Include="..\..\Device\src\Utils\StringUtils.cpp">
      <Filter>Utils</Filter>
    </ClCompile>
    <ClCompile Include="..\..\Device\src\libs\USBH\usbh_conf.cpp">
      <Filter>libs\USBH</Filter>
    </ClCompile>
    <ClCompile Include="..\..\Device\src\libs\USBH\usbh_diskio.cpp">
      <Filter>libs\USBH</Filter>
    </ClCompile>
    <ClCompile Include="..\..\common\libs\STM32Cube_F4\Drivers\STM32F4xx_HAL_Driver\Src\stm32f4xx_hal_hcd.c">
      <Filter>libs\HAL</Filter>
    </ClCompile>
    <ClCompile Include="..\..\Device\src\Generator\GeneratorDevice.cpp">
      <Filter>Generator</Filter>
    </ClCompile>
    <ClCompile Include="..\..\Device\src\Interface\InterfaceDevice.cpp">
      <Filter>Interface</Filter>
    </ClCompile>
    <ClCompile Include="..\..\Device\src\FDrive\FDriveDevice.cpp">
      <Filter>FDrive</Filter>
    </ClCompile>
    <ClCompile Include="..\..\Device\src\stdafx.cpp">
      <Filter>src</Filter>
    </ClCompile>
    <ClCompile Include="..\..\Device\src\SCPI\SCPI.cpp">
      <Filter>SCPI</Filter>
    </ClCompile>
    <ClCompile Include="..\..\Device\src\libs\USBD\usbd_cdc_interface.cpp">
      <Filter>libs\USBD</Filter>
    </ClCompile>
    <ClCompile Include="..\..\Device\src\libs\USBD\usbd_conf.cpp">
      <Filter>libs\USBD</Filter>
    </ClCompile>
    <ClCompile Include="..\..\Device\src\libs\USBD\usbd_core.cpp">
      <Filter>libs\USBD</Filter>
    </ClCompile>
    <ClCompile Include="..\..\Device\src\libs\USBD\usbd_desc.cpp">
      <Filter>libs\USBD</Filter>
    </ClCompile>
    <ClCompile Include="..\..\Device\src\Hardware\CPU.cpp">
      <Filter>Hardware</Filter>
    </ClCompile>
    <ClCompile Include="..\..\Device\src\Hardware\CPU_HCD.cpp">
      <Filter>Hardware</Filter>
    </ClCompile>
    <ClCompile Include="..\..\Device\src\Hardware\CPU_IT.cpp">
      <Filter>Hardware</Filter>
    </ClCompile>
    <ClCompile Include="..\..\Device\src\Hardware\stm32.cpp">
      <Filter>Hardware</Filter>
    </ClCompile>
    <ClCompile Include="..\..\Device\src\Hardware\stm407.cpp">
      <Filter>Hardware</Filter>
    </ClCompile>
    <ClCompile Include="..\..\common\Transceiver.cpp">
      <Filter>common</Filter>
    </ClCompile>
    <ClCompile Include="..\..\Device\src\Interface\Transceiver_407.cpp">
      <Filter>Interface</Filter>
    </ClCompile>
    <ClCompile Include="..\..\Device\src\Hardware\Modules\SPI.cpp">
      <Filter>Hardware\Modules</Filter>
    </ClCompile>
    <ClCompile Include="..\..\common\Message.cpp">
      <Filter>common</Filter>
    </ClCompile>
    <ClCompile Include="..\..\Device\src\log.cpp">
      <Filter>src</Filter>
    </ClCompile>
    <ClCompile Include="..\..\Device\src\Hardware\Modules\EEPROM.cpp">
      <Filter>Hardware\Modules</Filter>
    </ClCompile>
    <ClCompile Include="..\..\Device\src\Settings\CalibrationSettings.cpp">
      <Filter>Settings</Filter>
    </ClCompile>
    <ClCompile Include="..\..\Device\src\Utils\Queue.cpp">
      <Filter>Utils</Filter>
    </ClCompile>
    <ClCompile Include="..\..\Device\src\Interface\HandlersDevice.cpp">
      <Filter>Interface</Filter>
    </ClCompile>
    <ClCompile Include="..\..\Device\src\Utils\String.cpp">
      <Filter>Utils</Filter>
    </ClCompile>
    <ClCompile Include="..\..\Device\src\libs\FatFS\FatFS.cpp">
      <Filter>libs\FatFS</Filter>
    </ClCompile>
  </ItemGroup>
  <ItemGroup>
    <None Include="..\..\Device\src\libs\CMSIS\startup_stm32f407xx.s">
      <Filter>libs\CMSIS</Filter>
    </None>
    <None Include="..\..\common\_VS\algorithm">
      <Filter>common\_VS</Filter>
    </None>
    <None Include="..\..\common\_VS\cstdlib">
      <Filter>common\_VS</Filter>
    </None>
    <None Include="..\..\common\_VS\cstring">
      <Filter>common\_VS</Filter>
    </None>
    <None Include="..\..\common\_VS\limits">
      <Filter>common\_VS</Filter>
    </None>
  </ItemGroup>
</Project>